
Microsoft Visual Studio Solution File, Format Version 12.00
# Visual Studio Version 17
VisualStudioVersion = 17.9.34728.123
MinimumVisualStudioVersion = 10.0.40219.1
Project("{9A19103F-16F7-4668-BE54-9A1E7A4F7556}") = "AgendaApp.API", "AgendaApp.API\AgendaApp.API.csproj", "{C8B7D123-4E27-4D49-9C9A-102FECC97BAE}"
EndProject
Project("{2150E333-8FDC-42A3-9474-1A3956D46DE8}") = "1 - API", "1 - API", "{D2481AF0-E2DF-4BA1-8150-FF0B7BF7B619}"
EndProject
Project("{2150E333-8FDC-42A3-9474-1A3956D46DE8}") = "2 - DATA", "2 - DATA", "{E10EB955-720F-4C4A-B290-B896F5F38C59}"
EndProject
Project("{FAE04EC0-301F-11D3-BF4B-00C04F79EFBC}") = "AgendaApp.Data", "AgendaApp.Data\AgendaApp.Data.csproj", "{39BB3869-70DF-4413-97B3-DC2E976D5769}"
EndProject
Global
	GlobalSection(SolutionConfigurationPlatforms) = preSolution
		Debug|Any CPU = Debug|Any CPU
		Release|Any CPU = Release|Any CPU
	EndGlobalSection
	GlobalSection(ProjectConfigurationPlatforms) = postSolution
		{C8B7D123-4E27-4D49-9C9A-102FECC97BAE}.Debug|Any CPU.ActiveCfg = Debug|Any CPU
		{C8B7D123-4E27-4D49-9C9A-102FECC97BAE}.Debug|Any CPU.Build.0 = Debug|Any CPU
		{C8B7D123-4E27-4D49-9C9A-102FECC97BAE}.Release|Any CPU.ActiveCfg = Release|Any CPU
		{C8B7D123-4E27-4D49-9C9A-102FECC97BAE}.Release|Any CPU.Build.0 = Release|Any CPU
		{39BB3869-70DF-4413-97B3-DC2E976D5769}.Debug|Any CPU.ActiveCfg = Debug|Any CPU
		{39BB3869-70DF-4413-97B3-DC2E976D5769}.Debug|Any CPU.Build.0 = Debug|Any CPU
		{39BB3869-70DF-4413-97B3-DC2E976D5769}.Release|Any CPU.ActiveCfg = Release|Any CPU
		{39BB3869-70DF-4413-97B3-DC2E976D5769}.Release|Any CPU.Build.0 = Release|Any CPU
	EndGlobalSection
	GlobalSection(SolutionProperties) = preSolution
		HideSolutionNode = FALSE
	EndGlobalSection
	GlobalSection(NestedProjects) = preSolution
		{C8B7D123-4E27-4D49-9C9A-102FECC97BAE} = {D2481AF0-E2DF-4BA1-8150-FF0B7BF7B619}
		{39BB3869-70DF-4413-97B3-DC2E976D5769} = {E10EB955-720F-4C4A-B290-B896F5F38C59}
	EndGlobalSection
	GlobalSection(ExtensibilityGlobals) = postSolution
		SolutionGuid = {7AFD025C-759E-41F0-9D31-DD7C645972D9}
	EndGlobalSection
EndGlobal
